<?xml version="1.0" encoding="utf-8"?>
<Project ToolsVersion="4.0" xmlns="http://schemas.microsoft.com/developer/msbuild/2003">
  <ItemGroup>
    <Filter Include="Source Files">
      <UniqueIdentifier>{4FC737F1-C7A5-4376-A066-2A32D752A2FF}</UniqueIdentifier>
      <Extensions>cpp;c;cc;cxx;def;odl;idl;hpj;bat;asm;asmx</Extensions>
    </Filter>
    <Filter Include="Header Files">
      <UniqueIdentifier>{93995380-89BD-4b04-88EB-625FBE52EBFB}</UniqueIdentifier>
      <Extensions>h;hh;hpp;hxx;hm;inl;inc;xsd</Extensions>
    </Filter>
    <Filter Include="Resource Files">
      <UniqueIdentifier>{67DA6AB6-F800-4c08-8B7A-83BB121AAD01}</UniqueIdentifier>
      <Extensions>rc;ico;cur;bmp;dlg;rc2;rct;bin;rgs;gif;jpg;jpeg;jpe;resx;tiff;tif;png;wav;mfcribbon-ms</Extensions>
    </Filter>
  </ItemGroup>
  <ItemGroup>
    <ClCompile Include="Form.cpp">
      <Filter>Source Files</Filter>
    </ClCompile>
    <ClCompile Include="Field.cpp">
      <Filter>Source Files</Filter>
    </ClCompile>
    <ClCompile Include="main.cpp">
      <Filter>Source Files</Filter>
    </ClCompile>
    <ClCompile Include="range_validator.cpp">
      <Filter>Source Files</Filter>
    </ClCompile>
    <ClCompile Include="min_validator.cpp">
      <Filter>Source Files</Filter>
    </ClCompile>
    <ClCompile Include="no_digit_validator.cpp">
      <Filter>Source Files</Filter>
    </ClCompile>
    <ClCompile Include="id_validator.cpp">
      <Filter>Source Files</Filter>
    </ClCompile>
    <ClCompile Include="faculty_value.cpp">
      <Filter>Source Files</Filter>
    </ClCompile>
    <ClCompile Include="FieldGen.cpp">
      <Filter>Source Files</Filter>
    </ClCompile>
    <ClCompile Include="faculty2year_validator.cpp">
      <Filter>Source Files</Filter>
    </ClCompile>
    <ClCompile Include="ValidatorGen.cpp">
      <Filter>Source Files</Filter>
    </ClCompile>
    <ClCompile Include="ValidatorForm.cpp">
      <Filter>Source Files</Filter>
    </ClCompile>
  </ItemGroup>
  <ItemGroup>
    <ClInclude Include="Form.h">
      <Filter>Header Files</Filter>
    </ClInclude>
    <ClInclude Include="Field.h">
      <Filter>Header Files</Filter>
    </ClInclude>
    <ClInclude Include="range_validator.h">
      <Filter>Header Files</Filter>
    </ClInclude>
    <ClInclude Include="min_validator.h">
      <Filter>Header Files</Filter>
    </ClInclude>
    <ClInclude Include="no_digit_validator.h">
      <Filter>Header Files</Filter>
    </ClInclude>
    <ClInclude Include="id_validator.h">
      <Filter>Header Files</Filter>
    </ClInclude>
    <ClInclude Include="faculty_value.h">
      <Filter>Header Files</Filter>
    </ClInclude>
    <ClInclude Include="FieldGen.h">
      <Filter>Header Files</Filter>
    </ClInclude>
    <ClInclude Include="Validator.h">
      <Filter>Header Files</Filter>
    </ClInclude>
    <ClInclude Include="faculty2year_validator.h">
      <Filter>Header Files</Filter>
    </ClInclude>
    <ClInclude Include="courses2year_validator.h">
      <Filter>Header Files</Filter>
    </ClInclude>
    <ClInclude Include="TwoFactorValidator.h">
      <Filter>Header Files</Filter>
    </ClInclude>
    <ClInclude Include="help.h">
      <Filter>Header Files</Filter>
    </ClInclude>
    <ClInclude Include="ValidatorGen.h">
      <Filter>Header Files</Filter>
    </ClInclude>
    <ClInclude Include="ValidatorForm.h">
      <Filter>Header Files</Filter>
    </ClInclude>
    <ClInclude Include="MaxValidator.h">
      <Filter>Header Files</Filter>
    </ClInclude>
  </ItemGroup>
  <ItemGroup>
    <None Include="ClassDiagram.cd" />
  </ItemGroup>
</Project>